{
  "name": "favorites_vadim",
  "version": "1.0.0",
  "lockfileVersion": 1,
  "requires": true,
  "dependencies": {
    "csv-parser": {
      "version": "2.3.4",
      "resolved": "https://registry.npmjs.org/csv-parser/-/csv-parser-2.3.4.tgz",
      "integrity": "sha512-UlzYZEiHR5OQTh0C97HeZfSBOCshKIe0NpG5vYlgAcXheDKvZoIHvZNMgg1IGvtvbSKVRB6/UIA4xxjzKi2TFA==",
      "requires": {
        "minimist": "^1.2.0"
      }
    },
    "minimist": {
      "version": "1.2.5",
      "resolved": "https://registry.npmjs.org/minimist/-/minimist-1.2.5.tgz",
      "integrity": "sha512-FM9nNUYrRBAELZQT3xeZQ7fmMOBg6nWNmJKTcgsJeaLstP/UODVpGsr5OhXhhXg6f+qtJ8uiZ+PUxkDWcgIXLw=="
    }
  }
}
